
Microsoft Visual Studio Solution File, Format Version 12.00
# Visual Studio 15
VisualStudioVersion = 15.0.27004.2009
MinimumVisualStudioVersion = 15.0.26124.0
Project("{FAE04EC0-301F-11D3-BF4B-00C04F79EFBC}") = "RxCookbook.AutoSuggest.Wpf", "RxCookbook.AutoSuggest.Wpf\RxCookbook.AutoSuggest.Wpf.csproj", "{15124165-8FFE-4C0C-9485-A53B599E6A9E}"
EndProject
Global
	GlobalSection(SolutionConfigurationPlatforms) = preSolution
		Debug|Any CPU = Debug|Any CPU
		Release|Any CPU = Release|Any CPU
	EndGlobalSection
	GlobalSection(ProjectConfigurationPlatforms) = postSolution
		{15124165-8FFE-4C0C-9485-A53B599E6A9E}.Debug|Any CPU.ActiveCfg = Debug|Any CPU
		{15124165-8FFE-4C0C-9485-A53B599E6A9E}.Debug|Any CPU.Build.0 = Debug|Any CPU
		{15124165-8FFE-4C0C-9485-A53B599E6A9E}.Release|Any CPU.ActiveCfg = Release|Any CPU
		{15124165-8FFE-4C0C-9485-A53B599E6A9E}.Release|Any CPU.Build.0 = Release|Any CPU
	EndGlobalSection
	GlobalSection(SolutionProperties) = preSolution
		HideSolutionNode = FALSE
	EndGlobalSection
	GlobalSection(ExtensibilityGlobals) = postSolution
		SolutionGuid = {FACF53AF-C665-44D2-AD6D-DA6ACB20D0A5}
	EndGlobalSection
EndGlobal
